// !$*UTF8*$!
{
	archiveVersion = 1;
	classes = {
	};
	objectVersion = 46;
	objects = {

/* Begin PBXBuildFile section */
		693A77F11C112F9200AC9E01 /* SSKeychain.m in Sources */ = {isa = PBXBuildFile; fileRef = 693A77F01C112F9200AC9E01 /* SSKeychain.m */; };
		693A77F51C11362F00AC9E01 /* NSObject+Log.m in Sources */ = {isa = PBXBuildFile; fileRef = 693A77F41C11362F00AC9E01 /* NSObject+Log.m */; };
		698950B21C15659700A63032 /* QXYTest.m in Sources */ = {isa = PBXBuildFile; fileRef = 698950B11C15659700A63032 /* QXYTest.m */; };
		698950B81C158A3000A63032 /* QXYTestQuestion.m in Sources */ = {isa = PBXBuildFile; fileRef = 698950B71C158A3000A63032 /* QXYTestQuestion.m */; };
		69938BFF1C117B6500C1042B /* QXYListTableViewCell.m in Sources */ = {isa = PBXBuildFile; fileRef = 69938BFE1C117B6500C1042B /* QXYListTableViewCell.m */; };
		69938C021C118F2200C1042B /* QXYListButton.m in Sources */ = {isa = PBXBuildFile; fileRef = 69938C011C118F2200C1042B /* QXYListButton.m */; };
		69B223451C151DDC003CB18D /* QXYTestList.m in Sources */ = {isa = PBXBuildFile; fileRef = 69B223441C151DDC003CB18D /* QXYTestList.m */; };
		69C7B1AC1C0FCE38003FE64C /* QXYLoginViewController.m in Sources */ = {isa = PBXBuildFile; fileRef = 69C7B1AB1C0FCE38003FE64C /* QXYLoginViewController.m */; };
		69C7B1B01C0FD66A003FE64C /* QXYNetworkTools.m in Sources */ = {isa = PBXBuildFile; fileRef = 69C7B1AF1C0FD66A003FE64C /* QXYNetworkTools.m */; };
		69C7B1BD1C10292A003FE64C /* QXYBaseTableViewController.m in Sources */ = {isa = PBXBuildFile; fileRef = 69C7B1BC1C10292A003FE64C /* QXYBaseTableViewController.m */; };
		69C7B1C01C1029FD003FE64C /* QXYVisitorView.m in Sources */ = {isa = PBXBuildFile; fileRef = 69C7B1BF1C1029FD003FE64C /* QXYVisitorView.m */; };
		69C7B1C71C102C6C003FE64C /* QXYTestViewController.m in Sources */ = {isa = PBXBuildFile; fileRef = 69C7B1C61C102C6C003FE64C /* QXYTestViewController.m */; };
		69C7B1CA1C102D04003FE64C /* QXYTestToolBar.m in Sources */ = {isa = PBXBuildFile; fileRef = 69C7B1C91C102D04003FE64C /* QXYTestToolBar.m */; };
		69C7B1CD1C1032AE003FE64C /* QXYTestButton.m in Sources */ = {isa = PBXBuildFile; fileRef = 69C7B1CC1C1032AE003FE64C /* QXYTestButton.m */; };
		69CFC0B41C16DB1C00EE6E09 /* QXYAnalysisView.m in Sources */ = {isa = PBXBuildFile; fileRef = 69CFC0B31C16DB1C00EE6E09 /* QXYAnalysisView.m */; };
		69D52B5F1C0EE1DC0018928F /* main.m in Sources */ = {isa = PBXBuildFile; fileRef = 69D52B5E1C0EE1DC0018928F /* main.m */; };
		69D52B621C0EE1DC0018928F /* AppDelegate.m in Sources */ = {isa = PBXBuildFile; fileRef = 69D52B611C0EE1DC0018928F /* AppDelegate.m */; };
		69D52B6A1C0EE1DC0018928F /* Assets.xcassets in Resources */ = {isa = PBXBuildFile; fileRef = 69D52B691C0EE1DC0018928F /* Assets.xcassets */; };
		69D52B781C0EE1DC0018928F /* QxueyouTests.m in Sources */ = {isa = PBXBuildFile; fileRef = 69D52B771C0EE1DC0018928F /* QxueyouTests.m */; };
		69D52B831C0EE1DC0018928F /* QxueyouUITests.m in Sources */ = {isa = PBXBuildFile; fileRef = 69D52B821C0EE1DC0018928F /* QxueyouUITests.m */; };
		69F3C3EE1C1801840098C8AB /* QXYFmdbTools.m in Sources */ = {isa = PBXBuildFile; fileRef = 69F3C3ED1C1801840098C8AB /* QXYFmdbTools.m */; };
		69F3C3F71C1819660098C8AB /* QXYSelectTest.m in Sources */ = {isa = PBXBuildFile; fileRef = 69F3C3F61C1819660098C8AB /* QXYSelectTest.m */; };
		69F3C3FA1C1823590098C8AB /* QXYAssess.m in Sources */ = {isa = PBXBuildFile; fileRef = 69F3C3F91C1823590098C8AB /* QXYAssess.m */; };
		8A241CDE4F897ED3ABCD83CA /* libPods.a in Frameworks */ = {isa = PBXBuildFile; fileRef = 7ABA77F7DA4200F4466C483C /* libPods.a */; };
		FEE957161C10FF18006698AA /* QXYListTableViewController.m in Sources */ = {isa = PBXBuildFile; fileRef = FEE957151C10FF17006698AA /* QXYListTableViewController.m */; };
/* End PBXBuildFile section */

/* Begin PBXContainerItemProxy section */
		69D52B741C0EE1DC0018928F /* PBXContainerItemProxy */ = {
			isa = PBXContainerItemProxy;
			containerPortal = 69D52B521C0EE1DC0018928F /* Project object */;
			proxyType = 1;
			remoteGlobalIDString = 69D52B591C0EE1DC0018928F;
			remoteInfo = Qxueyou;
		};
		69D52B7F1C0EE1DC0018928F /* PBXContainerItemProxy */ = {
			isa = PBXContainerItemProxy;
			containerPortal = 69D52B521C0EE1DC0018928F /* Project object */;
			proxyType = 1;
			remoteGlobalIDString = 69D52B591C0EE1DC0018928F;
			remoteInfo = Qxueyou;
		};
/* End PBXContainerItemProxy section */

/* Begin PBXFileReference section */
		5D18044025E547DEFADA7F06 /* Pods.debug.xcconfig */ = {isa = PBXFileReference; includeInIndex = 1; lastKnownFileType = text.xcconfig; name = Pods.debug.xcconfig; path = "Pods/Target Support Files/Pods/Pods.debug.xcconfig"; sourceTree = "<group>"; };
		693A77EF1C112F9200AC9E01 /* SSKeychain.h */ = {isa = PBXFileReference; fileEncoding = 4; lastKnownFileType = sourcecode.c.h; path = SSKeychain.h; sourceTree = "<group>"; };
		693A77F01C112F9200AC9E01 /* SSKeychain.m */ = {isa = PBXFileReference; fileEncoding = 4; lastKnownFileType = sourcecode.c.objc; path = SSKeychain.m; sourceTree = "<group>"; };
		693A77F31C11362F00AC9E01 /* NSObject+Log.h */ = {isa = PBXFileReference; fileEncoding = 4; lastKnownFileType = sourcecode.c.h; path = "NSObject+Log.h"; sourceTree = "<group>"; };
		693A77F41C11362F00AC9E01 /* NSObject+Log.m */ = {isa = PBXFileReference; fileEncoding = 4; lastKnownFileType = sourcecode.c.objc; path = "NSObject+Log.m"; sourceTree = "<group>"; };
		698950B01C15659700A63032 /* QXYTest.h */ = {isa = PBXFileReference; fileEncoding = 4; lastKnownFileType = sourcecode.c.h; name = QXYTest.h; path = Qxueyou/Class/Model/QXYTest.h; sourceTree = SOURCE_ROOT; };
		698950B11C15659700A63032 /* QXYTest.m */ = {isa = PBXFileReference; fileEncoding = 4; lastKnownFileType = sourcecode.c.objc; name = QXYTest.m; path = Qxueyou/Class/Model/QXYTest.m; sourceTree = SOURCE_ROOT; };
		698950B61C158A3000A63032 /* QXYTestQuestion.h */ = {isa = PBXFileReference; fileEncoding = 4; lastKnownFileType = sourcecode.c.h; path = QXYTestQuestion.h; sourceTree = "<group>"; };
		698950B71C158A3000A63032 /* QXYTestQuestion.m */ = {isa = PBXFileReference; fileEncoding = 4; lastKnownFileType = sourcecode.c.objc; path = QXYTestQuestion.m; sourceTree = "<group>"; };
		69938BFD1C117B6500C1042B /* QXYListTableViewCell.h */ = {isa = PBXFileReference; fileEncoding = 4; lastKnownFileType = sourcecode.c.h; path = QXYListTableViewCell.h; sourceTree = "<group>"; };
		69938BFE1C117B6500C1042B /* QXYListTableViewCell.m */ = {isa = PBXFileReference; fileEncoding = 4; lastKnownFileType = sourcecode.c.objc; path = QXYListTableViewCell.m; sourceTree = "<group>"; };
		69938C001C118F2200C1042B /* QXYListButton.h */ = {isa = PBXFileReference; fileEncoding = 4; lastKnownFileType = sourcecode.c.h; path = QXYListButton.h; sourceTree = "<group>"; };
		69938C011C118F2200C1042B /* QXYListButton.m */ = {isa = PBXFileReference; fileEncoding = 4; lastKnownFileType = sourcecode.c.objc; path = QXYListButton.m; sourceTree = "<group>"; };
		69B223431C151DDC003CB18D /* QXYTestList.h */ = {isa = PBXFileReference; fileEncoding = 4; lastKnownFileType = sourcecode.c.h; name = QXYTestList.h; path = Qxueyou/Class/Model/QXYTestList.h; sourceTree = SOURCE_ROOT; };
		69B223441C151DDC003CB18D /* QXYTestList.m */ = {isa = PBXFileReference; fileEncoding = 4; lastKnownFileType = sourcecode.c.objc; name = QXYTestList.m; path = Qxueyou/Class/Model/QXYTestList.m; sourceTree = SOURCE_ROOT; };
		69C7B1AA1C0FCE38003FE64C /* QXYLoginViewController.h */ = {isa = PBXFileReference; fileEncoding = 4; lastKnownFileType = sourcecode.c.h; path = QXYLoginViewController.h; sourceTree = "<group>"; };
		69C7B1AB1C0FCE38003FE64C /* QXYLoginViewController.m */ = {isa = PBXFileReference; fileEncoding = 4; lastKnownFileType = sourcecode.c.objc; path = QXYLoginViewController.m; sourceTree = "<group>"; };
		69C7B1AE1C0FD66A003FE64C /* QXYNetworkTools.h */ = {isa = PBXFileReference; fileEncoding = 4; lastKnownFileType = sourcecode.c.h; path = QXYNetworkTools.h; sourceTree = "<group>"; };
		69C7B1AF1C0FD66A003FE64C /* QXYNetworkTools.m */ = {isa = PBXFileReference; fileEncoding = 4; lastKnownFileType = sourcecode.c.objc; path = QXYNetworkTools.m; sourceTree = "<group>"; };
		69C7B1BB1C10292A003FE64C /* QXYBaseTableViewController.h */ = {isa = PBXFileReference; fileEncoding = 4; lastKnownFileType = sourcecode.c.h; path = QXYBaseTableViewController.h; sourceTree = "<group>"; };
		69C7B1BC1C10292A003FE64C /* QXYBaseTableViewController.m */ = {isa = PBXFileReference; fileEncoding = 4; lastKnownFileType = sourcecode.c.objc; path = QXYBaseTableViewController.m; sourceTree = "<group>"; };
		69C7B1BE1C1029FD003FE64C /* QXYVisitorView.h */ = {isa = PBXFileReference; fileEncoding = 4; lastKnownFileType = sourcecode.c.h; path = QXYVisitorView.h; sourceTree = "<group>"; };
		69C7B1BF1C1029FD003FE64C /* QXYVisitorView.m */ = {isa = PBXFileReference; fileEncoding = 4; lastKnownFileType = sourcecode.c.objc; path = QXYVisitorView.m; sourceTree = "<group>"; };
		69C7B1C51C102C6C003FE64C /* QXYTestViewController.h */ = {isa = PBXFileReference; fileEncoding = 4; lastKnownFileType = sourcecode.c.h; path = QXYTestViewController.h; sourceTree = "<group>"; };
		69C7B1C61C102C6C003FE64C /* QXYTestViewController.m */ = {isa = PBXFileReference; fileEncoding = 4; lastKnownFileType = sourcecode.c.objc; path = QXYTestViewController.m; sourceTree = "<group>"; };
		69C7B1C81C102D04003FE64C /* QXYTestToolBar.h */ = {isa = PBXFileReference; fileEncoding = 4; lastKnownFileType = sourcecode.c.h; path = QXYTestToolBar.h; sourceTree = "<group>"; };
		69C7B1C91C102D04003FE64C /* QXYTestToolBar.m */ = {isa = PBXFileReference; fileEncoding = 4; lastKnownFileType = sourcecode.c.objc; path = QXYTestToolBar.m; sourceTree = "<group>"; };
		69C7B1CB1C1032AE003FE64C /* QXYTestButton.h */ = {isa = PBXFileReference; fileEncoding = 4; lastKnownFileType = sourcecode.c.h; path = QXYTestButton.h; sourceTree = "<group>"; };
		69C7B1CC1C1032AE003FE64C /* QXYTestButton.m */ = {isa = PBXFileReference; fileEncoding = 4; lastKnownFileType = sourcecode.c.objc; path = QXYTestButton.m; sourceTree = "<group>"; };
		69CFC0B21C16DB1C00EE6E09 /* QXYAnalysisView.h */ = {isa = PBXFileReference; fileEncoding = 4; lastKnownFileType = sourcecode.c.h; path = QXYAnalysisView.h; sourceTree = "<group>"; };
		69CFC0B31C16DB1C00EE6E09 /* QXYAnalysisView.m */ = {isa = PBXFileReference; fileEncoding = 4; lastKnownFileType = sourcecode.c.objc; path = QXYAnalysisView.m; sourceTree = "<group>"; };
		69D52B5A1C0EE1DC0018928F /* Qxueyou.app */ = {isa = PBXFileReference; explicitFileType = wrapper.application; includeInIndex = 0; path = Qxueyou.app; sourceTree = BUILT_PRODUCTS_DIR; };
		69D52B5E1C0EE1DC0018928F /* main.m */ = {isa = PBXFileReference; lastKnownFileType = sourcecode.c.objc; path = main.m; sourceTree = "<group>"; };
		69D52B601C0EE1DC0018928F /* AppDelegate.h */ = {isa = PBXFileReference; lastKnownFileType = sourcecode.c.h; path = AppDelegate.h; sourceTree = "<group>"; };
		69D52B611C0EE1DC0018928F /* AppDelegate.m */ = {isa = PBXFileReference; lastKnownFileType = sourcecode.c.objc; path = AppDelegate.m; sourceTree = "<group>"; };
		69D52B691C0EE1DC0018928F /* Assets.xcassets */ = {isa = PBXFileReference; lastKnownFileType = folder.assetcatalog; path = Assets.xcassets; sourceTree = "<group>"; };
		69D52B6E1C0EE1DC0018928F /* Info.plist */ = {isa = PBXFileReference; lastKnownFileType = text.plist.xml; path = Info.plist; sourceTree = "<group>"; };
		69D52B731C0EE1DC0018928F /* QxueyouTests.xctest */ = {isa = PBXFileReference; explicitFileType = wrapper.cfbundle; includeInIndex = 0; path = QxueyouTests.xctest; sourceTree = BUILT_PRODUCTS_DIR; };
		69D52B771C0EE1DC0018928F /* QxueyouTests.m */ = {isa = PBXFileReference; lastKnownFileType = sourcecode.c.objc; path = QxueyouTests.m; sourceTree = "<group>"; };
		69D52B791C0EE1DC0018928F /* Info.plist */ = {isa = PBXFileReference; lastKnownFileType = text.plist.xml; path = Info.plist; sourceTree = "<group>"; };
		69D52B7E1C0EE1DC0018928F /* QxueyouUITests.xctest */ = {isa = PBXFileReference; explicitFileType = wrapper.cfbundle; includeInIndex = 0; path = QxueyouUITests.xctest; sourceTree = BUILT_PRODUCTS_DIR; };
		69D52B821C0EE1DC0018928F /* QxueyouUITests.m */ = {isa = PBXFileReference; lastKnownFileType = sourcecode.c.objc; path = QxueyouUITests.m; sourceTree = "<group>"; };
		69D52B841C0EE1DC0018928F /* Info.plist */ = {isa = PBXFileReference; lastKnownFileType = text.plist.xml; path = Info.plist; sourceTree = "<group>"; };
		69F3C3EC1C1801840098C8AB /* QXYFmdbTools.h */ = {isa = PBXFileReference; fileEncoding = 4; lastKnownFileType = sourcecode.c.h; path = QXYFmdbTools.h; sourceTree = "<group>"; };
		69F3C3ED1C1801840098C8AB /* QXYFmdbTools.m */ = {isa = PBXFileReference; fileEncoding = 4; lastKnownFileType = sourcecode.c.objc; path = QXYFmdbTools.m; sourceTree = "<group>"; };
		69F3C3F51C1819660098C8AB /* QXYSelectTest.h */ = {isa = PBXFileReference; fileEncoding = 4; lastKnownFileType = sourcecode.c.h; name = QXYSelectTest.h; path = ../View/QXYSelectTest.h; sourceTree = "<group>"; };
		69F3C3F61C1819660098C8AB /* QXYSelectTest.m */ = {isa = PBXFileReference; fileEncoding = 4; lastKnownFileType = sourcecode.c.objc; name = QXYSelectTest.m; path = ../View/QXYSelectTest.m; sourceTree = "<group>"; };
		69F3C3F81C1823590098C8AB /* QXYAssess.h */ = {isa = PBXFileReference; fileEncoding = 4; lastKnownFileType = sourcecode.c.h; path = QXYAssess.h; sourceTree = "<group>"; };
		69F3C3F91C1823590098C8AB /* QXYAssess.m */ = {isa = PBXFileReference; fileEncoding = 4; lastKnownFileType = sourcecode.c.objc; path = QXYAssess.m; sourceTree = "<group>"; };
		7ABA77F7DA4200F4466C483C /* libPods.a */ = {isa = PBXFileReference; explicitFileType = archive.ar; includeInIndex = 0; path = libPods.a; sourceTree = BUILT_PRODUCTS_DIR; };
		A7797B5FA318AA31A1F81ACE /* Pods.release.xcconfig */ = {isa = PBXFileReference; includeInIndex = 1; lastKnownFileType = text.xcconfig; name = Pods.release.xcconfig; path = "Pods/Target Support Files/Pods/Pods.release.xcconfig"; sourceTree = "<group>"; };
		FEE957141C10FF17006698AA /* QXYListTableViewController.h */ = {isa = PBXFileReference; fileEncoding = 4; lastKnownFileType = sourcecode.c.h; path = QXYListTableViewController.h; sourceTree = "<group>"; };
		FEE957151C10FF17006698AA /* QXYListTableViewController.m */ = {isa = PBXFileReference; fileEncoding = 4; lastKnownFileType = sourcecode.c.objc; path = QXYListTableViewController.m; sourceTree = "<group>"; };
/* End PBXFileReference section */

/* Begin PBXFrameworksBuildPhase section */
		69D52B571C0EE1DC0018928F /* Frameworks */ = {
			isa = PBXFrameworksBuildPhase;
			buildActionMask = 2147483647;
			files = (
				8A241CDE4F897ED3ABCD83CA /* libPods.a in Frameworks */,
			);
			runOnlyForDeploymentPostprocessing = 0;
		};
		69D52B701C0EE1DC0018928F /* Frameworks */ = {
			isa = PBXFrameworksBuildPhase;
			buildActionMask = 2147483647;
			files = (
			);
			runOnlyForDeploymentPostprocessing = 0;
		};
		69D52B7B1C0EE1DC0018928F /* Frameworks */ = {
			isa = PBXFrameworksBuildPhase;
			buildActionMask = 2147483647;
			files = (
			);
			runOnlyForDeploymentPostprocessing = 0;
		};
/* End PBXFrameworksBuildPhase section */

/* Begin PBXGroup section */
		417D86096E9D5D76CC682EFF /* Pods */ = {
			isa = PBXGroup;
			children = (
				5D18044025E547DEFADA7F06 /* Pods.debug.xcconfig */,
				A7797B5FA318AA31A1F81ACE /* Pods.release.xcconfig */,
			);
			name = Pods;
			sourceTree = "<group>";
		};
		674B810BA648A2B0D70AA924 /* Frameworks */ = {
			isa = PBXGroup;
			children = (
				7ABA77F7DA4200F4466C483C /* libPods.a */,
			);
			name = Frameworks;
			sourceTree = "<group>";
		};
		693A77F21C11362F00AC9E01 /* Log */ = {
			isa = PBXGroup;
			children = (
				693A77F31C11362F00AC9E01 /* NSObject+Log.h */,
				693A77F41C11362F00AC9E01 /* NSObject+Log.m */,
			);
			path = Log;
			sourceTree = "<group>";
		};
		69938BFC1C117B1100C1042B /* View */ = {
			isa = PBXGroup;
			children = (
				69938BFD1C117B6500C1042B /* QXYListTableViewCell.h */,
				69938BFE1C117B6500C1042B /* QXYListTableViewCell.m */,
				69938C001C118F2200C1042B /* QXYListButton.h */,
				69938C011C118F2200C1042B /* QXYListButton.m */,
			);
			path = View;
			sourceTree = "<group>";
		};
		69B223421C151817003CB18D /* Model */ = {
			isa = PBXGroup;
			children = (
				69B223431C151DDC003CB18D /* QXYTestList.h */,
				69B223441C151DDC003CB18D /* QXYTestList.m */,
				698950B01C15659700A63032 /* QXYTest.h */,
				698950B11C15659700A63032 /* QXYTest.m */,
			);
			name = Model;
			path = Library/Model;
			sourceTree = "<group>";
		};
		69C7B1A01C0FCDF2003FE64C /* Class */ = {
			isa = PBXGroup;
			children = (
				69C7B1B41C1027EE003FE64C /* Extension */,
				69C7B1B51C1027EE003FE64C /* Library */,
				69B223421C151817003CB18D /* Model */,
				69C7B1A11C0FCDF2003FE64C /* Module */,
				69C7B1AD1C0FD62E003FE64C /* Tools */,
			);
			path = Class;
			sourceTree = "<group>";
		};
		69C7B1A11C0FCDF2003FE64C /* Module */ = {
			isa = PBXGroup;
			children = (
				FEE957101C10FEE3006698AA /* List */,
				69C7B1C11C102BE9003FE64C /* Test */,
				69C7B1B71C102852003FE64C /* Main */,
				69C7B1A21C0FCDF2003FE64C /* Login */,
				69C7B1A61C0FCDF2003FE64C /* NewFeatures */,
			);
			path = Module;
			sourceTree = "<group>";
		};
		69C7B1A21C0FCDF2003FE64C /* Login */ = {
			isa = PBXGroup;
			children = (
				69C7B1A31C0FCDF2003FE64C /* Controller */,
				69C7B1A41C0FCDF2003FE64C /* Model */,
				69C7B1A51C0FCDF2003FE64C /* View */,
			);
			path = Login;
			sourceTree = "<group>";
		};
		69C7B1A31C0FCDF2003FE64C /* Controller */ = {
			isa = PBXGroup;
			children = (
				69C7B1AA1C0FCE38003FE64C /* QXYLoginViewController.h */,
				69C7B1AB1C0FCE38003FE64C /* QXYLoginViewController.m */,
			);
			path = Controller;
			sourceTree = "<group>";
		};
		69C7B1A41C0FCDF2003FE64C /* Model */ = {
			isa = PBXGroup;
			children = (
			);
			path = Model;
			sourceTree = "<group>";
		};
		69C7B1A51C0FCDF2003FE64C /* View */ = {
			isa = PBXGroup;
			children = (
			);
			path = View;
			sourceTree = "<group>";
		};
		69C7B1A61C0FCDF2003FE64C /* NewFeatures */ = {
			isa = PBXGroup;
			children = (
				69C7B1A71C0FCDF2003FE64C /* Controller */,
				69C7B1A81C0FCDF2003FE64C /* Model */,
				69C7B1A91C0FCDF2003FE64C /* View */,
			);
			path = NewFeatures;
			sourceTree = "<group>";
		};
		69C7B1A71C0FCDF2003FE64C /* Controller */ = {
			isa = PBXGroup;
			children = (
			);
			path = Controller;
			sourceTree = "<group>";
		};
		69C7B1A81C0FCDF2003FE64C /* Model */ = {
			isa = PBXGroup;
			children = (
			);
			path = Model;
			sourceTree = "<group>";
		};
		69C7B1A91C0FCDF2003FE64C /* View */ = {
			isa = PBXGroup;
			children = (
			);
			path = View;
			sourceTree = "<group>";
		};
		69C7B1AD1C0FD62E003FE64C /* Tools */ = {
			isa = PBXGroup;
			children = (
				69C7B1AE1C0FD66A003FE64C /* QXYNetworkTools.h */,
				69C7B1AF1C0FD66A003FE64C /* QXYNetworkTools.m */,
				69F3C3EC1C1801840098C8AB /* QXYFmdbTools.h */,
				69F3C3ED1C1801840098C8AB /* QXYFmdbTools.m */,
			);
			path = Tools;
			sourceTree = "<group>";
		};
		69C7B1B41C1027EE003FE64C /* Extension */ = {
			isa = PBXGroup;
			children = (
			);
			path = Extension;
			sourceTree = "<group>";
		};
		69C7B1B51C1027EE003FE64C /* Library */ = {
			isa = PBXGroup;
			children = (
				693A77F21C11362F00AC9E01 /* Log */,
				693A77EF1C112F9200AC9E01 /* SSKeychain.h */,
				693A77F01C112F9200AC9E01 /* SSKeychain.m */,
			);
			path = Library;
			sourceTree = "<group>";
		};
		69C7B1B71C102852003FE64C /* Main */ = {
			isa = PBXGroup;
			children = (
				69C7B1B81C102852003FE64C /* Controller */,
				69C7B1B91C102852003FE64C /* Model */,
				69C7B1BA1C102852003FE64C /* View */,
			);
			path = Main;
			sourceTree = "<group>";
		};
		69C7B1B81C102852003FE64C /* Controller */ = {
			isa = PBXGroup;
			children = (
				69C7B1BB1C10292A003FE64C /* QXYBaseTableViewController.h */,
				69C7B1BC1C10292A003FE64C /* QXYBaseTableViewController.m */,
			);
			path = Controller;
			sourceTree = "<group>";
		};
		69C7B1B91C102852003FE64C /* Model */ = {
			isa = PBXGroup;
			children = (
			);
			path = Model;
			sourceTree = "<group>";
		};
		69C7B1BA1C102852003FE64C /* View */ = {
			isa = PBXGroup;
			children = (
				69C7B1BE1C1029FD003FE64C /* QXYVisitorView.h */,
				69C7B1BF1C1029FD003FE64C /* QXYVisitorView.m */,
			);
			path = View;
			sourceTree = "<group>";
		};
		69C7B1C11C102BE9003FE64C /* Test */ = {
			isa = PBXGroup;
			children = (
				69C7B1C21C102BE9003FE64C /* Controller */,
				69C7B1C31C102BE9003FE64C /* Model */,
				69C7B1C41C102BE9003FE64C /* View */,
			);
			path = Test;
			sourceTree = "<group>";
		};
		69C7B1C21C102BE9003FE64C /* Controller */ = {
			isa = PBXGroup;
			children = (
				69C7B1C51C102C6C003FE64C /* QXYTestViewController.h */,
				69C7B1C61C102C6C003FE64C /* QXYTestViewController.m */,
				69F3C3F51C1819660098C8AB /* QXYSelectTest.h */,
				69F3C3F61C1819660098C8AB /* QXYSelectTest.m */,
				69F3C3F81C1823590098C8AB /* QXYAssess.h */,
				69F3C3F91C1823590098C8AB /* QXYAssess.m */,
			);
			path = Controller;
			sourceTree = "<group>";
		};
		69C7B1C31C102BE9003FE64C /* Model */ = {
			isa = PBXGroup;
			children = (
			);
			path = Model;
			sourceTree = "<group>";
		};
		69C7B1C41C102BE9003FE64C /* View */ = {
			isa = PBXGroup;
			children = (
				69C7B1C81C102D04003FE64C /* QXYTestToolBar.h */,
				69C7B1C91C102D04003FE64C /* QXYTestToolBar.m */,
				69C7B1CB1C1032AE003FE64C /* QXYTestButton.h */,
				69C7B1CC1C1032AE003FE64C /* QXYTestButton.m */,
				698950B61C158A3000A63032 /* QXYTestQuestion.h */,
				698950B71C158A3000A63032 /* QXYTestQuestion.m */,
				69CFC0B21C16DB1C00EE6E09 /* QXYAnalysisView.h */,
				69CFC0B31C16DB1C00EE6E09 /* QXYAnalysisView.m */,
			);
			path = View;
			sourceTree = "<group>";
		};
		69D52B511C0EE1DC0018928F = {
			isa = PBXGroup;
			children = (
				69D52B5C1C0EE1DC0018928F /* Qxueyou */,
				69D52B761C0EE1DC0018928F /* QxueyouTests */,
				69D52B811C0EE1DC0018928F /* QxueyouUITests */,
				69D52B5B1C0EE1DC0018928F /* Products */,
				417D86096E9D5D76CC682EFF /* Pods */,
				674B810BA648A2B0D70AA924 /* Frameworks */,
			);
			sourceTree = "<group>";
		};
		69D52B5B1C0EE1DC0018928F /* Products */ = {
			isa = PBXGroup;
			children = (
				69D52B5A1C0EE1DC0018928F /* Qxueyou.app */,
				69D52B731C0EE1DC0018928F /* QxueyouTests.xctest */,
				69D52B7E1C0EE1DC0018928F /* QxueyouUITests.xctest */,
			);
			name = Products;
			sourceTree = "<group>";
		};
		69D52B5C1C0EE1DC0018928F /* Qxueyou */ = {
			isa = PBXGroup;
			children = (
				69D52B601C0EE1DC0018928F /* AppDelegate.h */,
				69D52B611C0EE1DC0018928F /* AppDelegate.m */,
				69C7B1A01C0FCDF2003FE64C /* Class */,
				69D52B691C0EE1DC0018928F /* Assets.xcassets */,
				69D52B6E1C0EE1DC0018928F /* Info.plist */,
				69D52B5D1C0EE1DC0018928F /* Supporting Files */,
			);
			path = Qxueyou;
			sourceTree = "<group>";
		};
		69D52B5D1C0EE1DC0018928F /* Supporting Files */ = {
			isa = PBXGroup;
			children = (
				69D52B5E1C0EE1DC0018928F /* main.m */,
			);
			name = "Supporting Files";
			sourceTree = "<group>";
		};
		69D52B761C0EE1DC0018928F /* QxueyouTests */ = {
			isa = PBXGroup;
			children = (
				69D52B771C0EE1DC0018928F /* QxueyouTests.m */,
				69D52B791C0EE1DC0018928F /* Info.plist */,
			);
			path = QxueyouTests;
			sourceTree = "<group>";
		};
		69D52B811C0EE1DC0018928F /* QxueyouUITests */ = {
			isa = PBXGroup;
			children = (
				69D52B821C0EE1DC0018928F /* QxueyouUITests.m */,
				69D52B841C0EE1DC0018928F /* Info.plist */,
			);
			path = QxueyouUITests;
			sourceTree = "<group>";
		};
		FEE957101C10FEE3006698AA /* List */ = {
			isa = PBXGroup;
			children = (
				FEE957111C10FEE3006698AA /* Controller */,
				FEE957121C10FEE3006698AA /* Model */,
				69938BFC1C117B1100C1042B /* View */,
			);
			path = List;
			sourceTree = "<group>";
		};
		FEE957111C10FEE3006698AA /* Controller */ = {
			isa = PBXGroup;
			children = (
				FEE957141C10FF17006698AA /* QXYListTableViewController.h */,
				FEE957151C10FF17006698AA /* QXYListTableViewController.m */,
			);
			path = Controller;
			sourceTree = "<group>";
		};
		FEE957121C10FEE3006698AA /* Model */ = {
			isa = PBXGroup;
			children = (
			);
			path = Model;
			sourceTree = "<group>";
		};
/* End PBXGroup section */

/* Begin PBXNativeTarget section */
		69D52B591C0EE1DC0018928F /* Qxueyou */ = {
			isa = PBXNativeTarget;
			buildConfigurationList = 69D52B871C0EE1DC0018928F /* Build configuration list for PBXNativeTarget "Qxueyou" */;
			buildPhases = (
				67CD70BA16CE34B2BA5AB13C /* Check Pods Manifest.lock */,
				69D52B561C0EE1DC0018928F /* Sources */,
				69D52B571C0EE1DC0018928F /* Frameworks */,
				69D52B581C0EE1DC0018928F /* Resources */,
				BC31285DAC66072C4FE3E2BE /* Embed Pods Frameworks */,
				2761BD0AEBDE1174AE6A2097 /* Copy Pods Resources */,
			);
			buildRules = (
			);
			dependencies = (
			);
			name = Qxueyou;
			productName = Qxueyou;
			productReference = 69D52B5A1C0EE1DC0018928F /* Qxueyou.app */;
			productType = "com.apple.product-type.application";
		};
		69D52B721C0EE1DC0018928F /* QxueyouTests */ = {
			isa = PBXNativeTarget;
			buildConfigurationList = 69D52B8A1C0EE1DC0018928F /* Build configuration list for PBXNativeTarget "QxueyouTests" */;
			buildPhases = (
				69D52B6F1C0EE1DC0018928F /* Sources */,
				69D52B701C0EE1DC0018928F /* Frameworks */,
				69D52B711C0EE1DC0018928F /* Resources */,
			);
			buildRules = (
			);
			dependencies = (
				69D52B751C0EE1DC0018928F /* PBXTargetDependency */,
			);
			name = QxueyouTests;
			productName = QxueyouTests;
			productReference = 69D52B731C0EE1DC0018928F /* QxueyouTests.xctest */;
			productType = "com.apple.product-type.bundle.unit-test";
		};
		69D52B7D1C0EE1DC0018928F /* QxueyouUITests */ = {
			isa = PBXNativeTarget;
			buildConfigurationList = 69D52B8D1C0EE1DC0018928F /* Build configuration list for PBXNativeTarget "QxueyouUITests" */;
			buildPhases = (
				69D52B7A1C0EE1DC0018928F /* Sources */,
				69D52B7B1C0EE1DC0018928F /* Frameworks */,
				69D52B7C1C0EE1DC0018928F /* Resources */,
			);
			buildRules = (
			);
			dependencies = (
				69D52B801C0EE1DC0018928F /* PBXTargetDependency */,
			);
			name = QxueyouUITests;
			productName = QxueyouUITests;
			productReference = 69D52B7E1C0EE1DC0018928F /* QxueyouUITests.xctest */;
			productType = "com.apple.product-type.bundle.ui-testing";
		};
/* End PBXNativeTarget section */

/* Begin PBXProject section */
		69D52B521C0EE1DC0018928F /* Project object */ = {
			isa = PBXProject;
			attributes = {
				LastUpgradeCheck = 0710;
				ORGANIZATIONNAME = zhu;
				TargetAttributes = {
					69D52B591C0EE1DC0018928F = {
						CreatedOnToolsVersion = 7.1.1;
					};
					69D52B721C0EE1DC0018928F = {
						CreatedOnToolsVersion = 7.1.1;
						TestTargetID = 69D52B591C0EE1DC0018928F;
					};
					69D52B7D1C0EE1DC0018928F = {
						CreatedOnToolsVersion = 7.1.1;
						TestTargetID = 69D52B591C0EE1DC0018928F;
					};
				};
			};
			buildConfigurationList = 69D52B551C0EE1DC0018928F /* Build configuration list for PBXProject "Qxueyou" */;
			compatibilityVersion = "Xcode 3.2";
			developmentRegion = English;
			hasScannedForEncodings = 0;
			knownRegions = (
				en,
				Base,
			);
			mainGroup = 69D52B511C0EE1DC0018928F;
			productRefGroup = 69D52B5B1C0EE1DC0018928F /* Products */;
			projectDirPath = "";
			projectRoot = "";
			targets = (
				69D52B591C0EE1DC0018928F /* Qxueyou */,
				69D52B721C0EE1DC0018928F /* QxueyouTests */,
				69D52B7D1C0EE1DC0018928F /* QxueyouUITests */,
			);
		};
/* End PBXProject section */

/* Begin PBXResourcesBuildPhase section */
		69D52B581C0EE1DC0018928F /* Resources */ = {
			isa = PBXResourcesBuildPhase;
			buildActionMask = 2147483647;
			files = (
				69D52B6A1C0EE1DC0018928F /* Assets.xcassets in Resources */,
			);
			runOnlyForDeploymentPostprocessing = 0;
		};
		69D52B711C0EE1DC0018928F /* Resources */ = {
			isa = PBXResourcesBuildPhase;
			buildActionMask = 2147483647;
			files = (
			);
			runOnlyForDeploymentPostprocessing = 0;
		};
		69D52B7C1C0EE1DC0018928F /* Resources */ = {
			isa = PBXResourcesBuildPhase;
			buildActionMask = 2147483647;
			files = (
			);
			runOnlyForDeploymentPostprocessing = 0;
		};
/* End PBXResourcesBuildPhase section */

/* Begin PBXShellScriptBuildPhase section */
		2761BD0AEBDE1174AE6A2097 /* Copy Pods Resources */ = {
			isa = PBXShellScriptBuildPhase;
			buildActionMask = 2147483647;
			files = (
			);
			inputPaths = (
			);
			name = "Copy Pods Resources";
			outputPaths = (
			);
			runOnlyForDeploymentPostprocessing = 0;
			shellPath = /bin/sh;
			shellScript = "\"${SRCROOT}/Pods/Target Support Files/Pods/Pods-resources.sh\"\n";
			showEnvVarsInLog = 0;
		};
		67CD70BA16CE34B2BA5AB13C /* Check Pods Manifest.lock */ = {
			isa = PBXShellScriptBuildPhase;
			buildActionMask = 2147483647;
			files = (
			);
			inputPaths = (
			);
			name = "Check Pods Manifest.lock";
			outputPaths = (
			);
			runOnlyForDeploymentPostprocessing = 0;
			shellPath = /bin/sh;
			shellScript = "diff \"${PODS_ROOT}/../Podfile.lock\" \"${PODS_ROOT}/Manifest.lock\" > /dev/null\nif [[ $? != 0 ]] ; then\n    cat << EOM\nerror: The sandbox is not in sync with the Podfile.lock. Run 'pod install' or update your CocoaPods installation.\nEOM\n    exit 1\nfi\n";
			showEnvVarsInLog = 0;
		};
		BC31285DAC66072C4FE3E2BE /* Embed Pods Frameworks */ = {
			isa = PBXShellScriptBuildPhase;
			buildActionMask = 2147483647;
			files = (
			);
			inputPaths = (
			);
			name = "Embed Pods Frameworks";
			outputPaths = (
			);
			runOnlyForDeploymentPostprocessing = 0;
			shellPath = /bin/sh;
			shellScript = "\"${SRCROOT}/Pods/Target Support Files/Pods/Pods-frameworks.sh\"\n";
			showEnvVarsInLog = 0;
		};
/* End PBXShellScriptBuildPhase section */

/* Begin PBXSourcesBuildPhase section */
		69D52B561C0EE1DC0018928F /* Sources */ = {
			isa = PBXSourcesBuildPhase;
			buildActionMask = 2147483647;
			files = (
				698950B81C158A3000A63032 /* QXYTestQuestion.m in Sources */,
				69938BFF1C117B6500C1042B /* QXYListTableViewCell.m in Sources */,
				69F3C3EE1C1801840098C8AB /* QXYFmdbTools.m in Sources */,
				69C7B1CA1C102D04003FE64C /* QXYTestToolBar.m in Sources */,
				69CFC0B41C16DB1C00EE6E09 /* QXYAnalysisView.m in Sources */,
				69B223451C151DDC003CB18D /* QXYTestList.m in Sources */,
				69D52B621C0EE1DC0018928F /* AppDelegate.m in Sources */,
				693A77F51C11362F00AC9E01 /* NSObject+Log.m in Sources */,
				69C7B1B01C0FD66A003FE64C /* QXYNetworkTools.m in Sources */,
				698950B21C15659700A63032 /* QXYTest.m in Sources */,
				69C7B1C01C1029FD003FE64C /* QXYVisitorView.m in Sources */,
				69C7B1CD1C1032AE003FE64C /* QXYTestButton.m in Sources */,
				69C7B1C71C102C6C003FE64C /* QXYTestViewController.m in Sources */,
				69F3C3FA1C1823590098C8AB /* QXYAssess.m in Sources */,
				69C7B1AC1C0FCE38003FE64C /* QXYLoginViewController.m in Sources */,
				69D52B5F1C0EE1DC0018928F /* main.m in Sources */,
				693A77F11C112F9200AC9E01 /* SSKeychain.m in Sources */,
				69F3C3F71C1819660098C8AB /* QXYSelectTest.m in Sources */,
				FEE957161C10FF18006698AA /* QXYListTableViewController.m in Sources */,
				69938C021C118F2200C1042B /* QXYListButton.m in Sources */,
				69C7B1BD1C10292A003FE64C /* QXYBaseTableViewController.m in Sources */,
			);
			runOnlyForDeploymentPostprocessing = 0;
		};
		69D52B6F1C0EE1DC0018928F /* Sources */ = {
			isa = PBXSourcesBuildPhase;
			buildActionMask = 2147483647;
			files = (
				69D52B781C0EE1DC0018928F /* QxueyouTests.m in Sources */,
			);
			runOnlyForDeploymentPostprocessing = 0;
		};
		69D52B7A1C0EE1DC0018928F /* Sources */ = {
			isa = PBXSourcesBuildPhase;
			buildActionMask = 2147483647;
			files = (
				69D52B831C0EE1DC0018928F /* QxueyouUITests.m in Sources */,
			);
			runOnlyForDeploymentPostprocessing = 0;
		};
/* End PBXSourcesBuildPhase section */

/* Begin PBXTargetDependency section */
		69D52B751C0EE1DC0018928F /* PBXTargetDependency */ = {
			isa = PBXTargetDependency;
			target = 69D52B591C0EE1DC0018928F /* Qxueyou */;
			targetProxy = 69D52B741C0EE1DC0018928F /* PBXContainerItemProxy */;
		};
		69D52B801C0EE1DC0018928F /* PBXTargetDependency */ = {
			isa = PBXTargetDependency;
			target = 69D52B591C0EE1DC0018928F /* Qxueyou */;
			targetProxy = 69D52B7F1C0EE1DC0018928F /* PBXContainerItemProxy */;
		};
/* End PBXTargetDependency section */

/* Begin XCBuildConfiguration section */
		69D52B851C0EE1DC0018928F /* Debug */ = {
			isa = XCBuildConfiguration;
			buildSettings = {
				ALWAYS_SEARCH_USER_PATHS = NO;
				CLANG_CXX_LANGUAGE_STANDARD = "gnu++0x";
				CLANG_CXX_LIBRARY = "libc++";
				CLANG_ENABLE_MODULES = YES;
				CLANG_ENABLE_OBJC_ARC = YES;
				CLANG_WARN_BOOL_CONVERSION = YES;
				CLANG_WARN_CONSTANT_CONVERSION = YES;
				CLANG_WARN_DIRECT_OBJC_ISA_USAGE = YES_ERROR;
				CLANG_WARN_EMPTY_BODY = YES;
				CLANG_WARN_ENUM_CONVERSION = YES;
				CLANG_WARN_INT_CONVERSION = YES;
				CLANG_WARN_OBJC_ROOT_CLASS = YES_ERROR;
				CLANG_WARN_UNREACHABLE_CODE = YES;
				CLANG_WARN__DUPLICATE_METHOD_MATCH = YES;
				"CODE_SIGN_IDENTITY[sdk=iphoneos*]" = "iPhone Developer";
				COPY_PHASE_STRIP = NO;
				DEBUG_INFORMATION_FORMAT = dwarf;
				ENABLE_STRICT_OBJC_MSGSEND = YES;
				ENABLE_TESTABILITY = YES;
				GCC_C_LANGUAGE_STANDARD = gnu99;
				GCC_DYNAMIC_NO_PIC = NO;
				GCC_NO_COMMON_BLOCKS = YES;
				GCC_OPTIMIZATION_LEVEL = 0;
				GCC_PREPROCESSOR_DEFINITIONS = (
					"DEBUG=1",
					"$(inherited)",
				);
				GCC_WARN_64_TO_32_BIT_CONVERSION = YES;
				GCC_WARN_ABOUT_RETURN_TYPE = YES_ERROR;
				GCC_WARN_UNDECLARED_SELECTOR = YES;
				GCC_WARN_UNINITIALIZED_AUTOS = YES_AGGRESSIVE;
				GCC_WARN_UNUSED_FUNCTION = YES;
				GCC_WARN_UNUSED_VARIABLE = YES;
				IPHONEOS_DEPLOYMENT_TARGET = 9.1;
				MTL_ENABLE_DEBUG_INFO = YES;
				ONLY_ACTIVE_ARCH = YES;
				SDKROOT = iphoneos;
				TARGETED_DEVICE_FAMILY = "1,2";
			};
			name = Debug;
		};
		69D52B861C0EE1DC0018928F /* Release */ = {
			isa = XCBuildConfiguration;
			buildSettings = {
				ALWAYS_SEARCH_USER_PATHS = NO;
				CLANG_CXX_LANGUAGE_STANDARD = "gnu++0x";
				CLANG_CXX_LIBRARY = "libc++";
				CLANG_ENABLE_MODULES = YES;
				CLANG_ENABLE_OBJC_ARC = YES;
				CLANG_WARN_BOOL_CONVERSION = YES;
				CLANG_WARN_CONSTANT_CONVERSION = YES;
				CLANG_WARN_DIRECT_OBJC_ISA_USAGE = YES_ERROR;
				CLANG_WARN_EMPTY_BODY = YES;
				CLANG_WARN_ENUM_CONVERSION = YES;
				CLANG_WARN_INT_CONVERSION = YES;
				CLANG_WARN_OBJC_ROOT_CLASS = YES_ERROR;
				CLANG_WARN_UNREACHABLE_CODE = YES;
				CLANG_WARN__DUPLICATE_METHOD_MATCH = YES;
				"CODE_SIGN_IDENTITY[sdk=iphoneos*]" = "iPhone Developer";
				COPY_PHASE_STRIP = NO;
				DEBUG_INFORMATION_FORMAT = "dwarf-with-dsym";
				ENABLE_NS_ASSERTIONS = NO;
				ENABLE_STRICT_OBJC_MSGSEND = YES;
				GCC_C_LANGUAGE_STANDARD = gnu99;
				GCC_NO_COMMON_BLOCKS = YES;
				GCC_WARN_64_TO_32_BIT_CONVERSION = YES;
				GCC_WARN_ABOUT_RETURN_TYPE = YES_ERROR;
				GCC_WARN_UNDECLARED_SELECTOR = YES;
				GCC_WARN_UNINITIALIZED_AUTOS = YES_AGGRESSIVE;
				GCC_WARN_UNUSED_FUNCTION = YES;
				GCC_WARN_UNUSED_VARIABLE = YES;
				IPHONEOS_DEPLOYMENT_TARGET = 9.1;
				MTL_ENABLE_DEBUG_INFO = NO;
				SDKROOT = iphoneos;
				TARGETED_DEVICE_FAMILY = "1,2";
				VALIDATE_PRODUCT = YES;
			};
			name = Release;
		};
		69D52B881C0EE1DC0018928F /* Debug */ = {
			isa = XCBuildConfiguration;
			baseConfigurationReference = 5D18044025E547DEFADA7F06 /* Pods.debug.xcconfig */;
			buildSettings = {
				ASSETCATALOG_COMPILER_APPICON_NAME = AppIcon;
				ASSETCATALOG_COMPILER_LAUNCHIMAGE_NAME = "Brand Assets";
				INFOPLIST_FILE = Qxueyou/Info.plist;
				IPHONEOS_DEPLOYMENT_TARGET = 9.0;
				LD_RUNPATH_SEARCH_PATHS = "$(inherited) @executable_path/Frameworks";
				PRODUCT_BUNDLE_IDENTIFIER = qxy.com.Qxueyou;
				PRODUCT_NAME = "$(TARGET_NAME)";
			};
			name = Debug;
		};
		69D52B891C0EE1DC0018928F /* Release */ = {
			isa = XCBuildConfiguration;
			baseConfigurationReference = A7797B5FA318AA31A1F81ACE /* Pods.release.xcconfig */;
			buildSettings = {
				ASSETCATALOG_COMPILER_APPICON_NAME = AppIcon;
				ASSETCATALOG_COMPILER_LAUNCHIMAGE_NAME = "Brand Assets";
				INFOPLIST_FILE = Qxueyou/Info.plist;
				IPHONEOS_DEPLOYMENT_TARGET = 9.0;
				LD_RUNPATH_SEARCH_PATHS = "$(inherited) @executable_path/Frameworks";
				PRODUCT_BUNDLE_IDENTIFIER = qxy.com.Qxueyou;
				PRODUCT_NAME = "$(TARGET_NAME)";
			};
			name = Release;
		};
		69D52B8B1C0EE1DC0018928F /* Debug */ = {
			isa = XCBuildConfiguration;
			buildSettings = {
				BUNDLE_LOADER = "$(TEST_HOST)";
				INFOPLIST_FILE = QxueyouTests/Info.plist;
				IPHONEOS_DEPLOYMENT_TARGET = 9.0;
				LD_RUNPATH_SEARCH_PATHS = "$(inherited) @executable_path/Frameworks @loader_path/Frameworks";
				PRODUCT_BUNDLE_IDENTIFIER = qxy.com.QxueyouTests;
				PRODUCT_NAME = "$(TARGET_NAME)";
				TEST_HOST = "$(BUILT_PRODUCTS_DIR)/Qxueyou.app/Qxueyou";
			};
			name = Debug;
		};
		69D52B8C1C0EE1DC0018928F /* Release */ = {
			isa = XCBuildConfiguration;
			buildSettings = {
				BUNDLE_LOADER = "$(TEST_HOST)";
				INFOPLIST_FILE = QxueyouTests/Info.plist;
				IPHONEOS_DEPLOYMENT_TARGET = 9.0;
				LD_RUNPATH_SEARCH_PATHS = "$(inherited) @executable_path/Frameworks @loader_path/Frameworks";
				PRODUCT_BUNDLE_IDENTIFIER = qxy.com.QxueyouTests;
				PRODUCT_NAME = "$(TARGET_NAME)";
				TEST_HOST = "$(BUILT_PRODUCTS_DIR)/Qxueyou.app/Qxueyou";
			};
			name = Release;
		};
		69D52B8E1C0EE1DC0018928F /* Debug */ = {
			isa = XCBuildConfiguration;
			buildSettings = {
				INFOPLIST_FILE = QxueyouUITests/Info.plist;
				IPHONEOS_DEPLOYMENT_TARGET = 9.0;
				LD_RUNPATH_SEARCH_PATHS = "$(inherited) @executable_path/Frameworks @loader_path/Frameworks";
				PRODUCT_BUNDLE_IDENTIFIER = qxy.com.QxueyouUITests;
				PRODUCT_NAME = "$(TARGET_NAME)";
				TEST_TARGET_NAME = Qxueyou;
				USES_XCTRUNNER = YES;
			};
			name = Debug;
		};
		69D52B8F1C0EE1DC0018928F /* Release */ = {
			isa = XCBuildConfiguration;
			buildSettings = {
				INFOPLIST_FILE = QxueyouUITests/Info.plist;
				IPHONEOS_DEPLOYMENT_TARGET = 9.0;
				LD_RUNPATH_SEARCH_PATHS = "$(inherited) @executable_path/Frameworks @loader_path/Frameworks";
				PRODUCT_BUNDLE_IDENTIFIER = qxy.com.QxueyouUITests;
				PRODUCT_NAME = "$(TARGET_NAME)";
				TEST_TARGET_NAME = Qxueyou;
				USES_XCTRUNNER = YES;
			};
			name = Release;
		};
/* End XCBuildConfiguration section */

/* Begin XCConfigurationList section */
		69D52B551C0EE1DC0018928F /* Build configuration list for PBXProject "Qxueyou" */ = {
			isa = XCConfigurationList;
			buildConfigurations = (
				69D52B851C0EE1DC0018928F /* Debug */,
				69D52B861C0EE1DC0018928F /* Release */,
			);
			defaultConfigurationIsVisible = 0;
			defaultConfigurationName = Release;
		};
		69D52B871C0EE1DC0018928F /* Build configuration list for PBXNativeTarget "Qxueyou" */ = {
			isa = XCConfigurationList;
			buildConfigurations = (
				69D52B881C0EE1DC0018928F /* Debug */,
				69D52B891C0EE1DC0018928F /* Release */,
			);
			defaultConfigurationIsVisible = 0;
			defaultConfigurationName = Release;
		};
		69D52B8A1C0EE1DC0018928F /* Build configuration list for PBXNativeTarget "QxueyouTests" */ = {
			isa = XCConfigurationList;
			buildConfigurations = (
				69D52B8B1C0EE1DC0018928F /* Debug */,
				69D52B8C1C0EE1DC0018928F /* Release */,
			);
			defaultConfigurationIsVisible = 0;
			defaultConfigurationName = Release;
		};
		69D52B8D1C0EE1DC0018928F /* Build configuration list for PBXNativeTarget "QxueyouUITests" */ = {
			isa = XCConfigurationList;
			buildConfigurations = (
				69D52B8E1C0EE1DC0018928F /* Debug */,
				69D52B8F1C0EE1DC0018928F /* Release */,
			);
			defaultConfigurationIsVisible = 0;
			defaultConfigurationName = Release;
		};
/* End XCConfigurationList section */
	};
	rootObject = 69D52B521C0EE1DC0018928F /* Project object */;
}
